Microsoft Visual Studio Solution File, Format Version 12.00
# Visual Studio Version 17
VisualStudioVersion = 17.0.31423.177
MinimumVisualStudioVersion = 10.0.40219.1
Project("{2150E333-8FDC-42A3-9474-1A3956D46DE8}") = "Source", "Source", "{57BAE1BC-D418-4A95-B292-C0E9324B0A54}"
EndProject
Project("{2150E333-8FDC-42A3-9474-1A3956D46DE8}") = "Tests", "Tests", "{D57B72FA-A893-400C-AB2E-6919219A38D2}"
EndProject
Project("{9A19103F-16F7-4668-BE54-9A1E7A4F7556}") = "WebScheduler.Abstractions", "Source\WebScheduler.Abstractions\WebScheduler.Abstractions.csproj", "{37BAB36C-8D89-4144-A7D0-034EE1B22813}"
EndProject
Project("{9A19103F-16F7-4668-BE54-9A1E7A4F7556}") = "WebScheduler.Grains", "Source\WebScheduler.Grains\WebScheduler.Grains.csproj", "{3B871C91-C496-4FA0-9E4A-18E67EDFD65F}"
EndProject
Project("{9A19103F-16F7-4668-BE54-9A1E7A4F7556}") = "WebScheduler.Server", "Source\WebScheduler.Server\WebScheduler.Server.csproj", "{DA571A13-5B6D-415E-846A-82BC225409D2}"
EndProject
Project("{9A19103F-16F7-4668-BE54-9A1E7A4F7556}") = "WebScheduler.Server.IntegrationTest", "Tests\WebScheduler.Server.IntegrationTest\WebScheduler.Server.IntegrationTest.csproj", "{B611DC13-54DE-41D5-B539-C84B7556A8D1}"
EndProject
Project("{2150E333-8FDC-42A3-9474-1A3956D46DE8}") = "Solution Items", "Solution Items", "{FBD2504D-975E-4B64-B938-7DDD19C7DB9D}"
	ProjectSection(SolutionItems) = preProject
		.dockerignore = .dockerignore
		.editorconfig = .editorconfig
		.gitattributes = .gitattributes
		.gitignore = .gitignore
		build.cake = build.cake
		Directory.Build.props = Directory.Build.props
		Directory.Build.targets = Directory.Build.targets
		dotnet-tools.json = dotnet-tools.json
		global.json = global.json
	EndProjectSection
EndProject
Project("{2150E333-8FDC-42A3-9474-1A3956D46DE8}") = "Documentation", "Documentation", "{60E0F62E-605A-48F2-BFCA-C63B45AB6335}"
	ProjectSection(SolutionItems) = preProject
		README.md = README.md
	EndProjectSection
EndProject
Project("{2150E333-8FDC-42A3-9474-1A3956D46DE8}") = ".github", ".github", "{76BD1373-F876-4779-A7C8-6FAAF1088B16}"
	ProjectSection(SolutionItems) = preProject
		.github\dependabot.yml = .github\dependabot.yml
		.github\release-drafter.yml = .github\release-drafter.yml
	EndProjectSection
EndProject
Project("{2150E333-8FDC-42A3-9474-1A3956D46DE8}") = "workflows", "workflows", "{050450CA-B8A7-4B91-BB2A-9B59FAE1A52B}"
	ProjectSection(SolutionItems) = preProject
		.github\workflows\build.yml = .github\workflows\build.yml
		.github\workflows\codeql-analysis.yml = .github\workflows\codeql-analysis.yml
		.github\workflows\release-drafter.yml = .github\workflows\release-drafter.yml
	EndProjectSection
EndProject
Project("{2150E333-8FDC-42A3-9474-1A3956D46DE8}") = ".github", ".github", "{90F1A60D-6607-44BF-AB4C-F53B1E31194F}"
	ProjectSection(SolutionItems) = preProject
		.github\CODE_OF_CONDUCT.md = .github\CODE_OF_CONDUCT.md
		.github\CONTRIBUTING.md = .github\CONTRIBUTING.md
		.github\PULL_REQUEST_TEMPLATE.md = .github\PULL_REQUEST_TEMPLATE.md
		.github\SECURITY.md = .github\SECURITY.md
	EndProjectSection
EndProject
Project("{2150E333-8FDC-42A3-9474-1A3956D46DE8}") = "ISSUE_TEMPLATE", "ISSUE_TEMPLATE", "{90110DBA-335A-4A7A-AD43-48CB1A15346D}"
	ProjectSection(SolutionItems) = preProject
		.github\ISSUE_TEMPLATE\BUG_REPORT.yml = .github\ISSUE_TEMPLATE\BUG_REPORT.yml
		.github\ISSUE_TEMPLATE\FEATURE_REQUEST.yml = .github\ISSUE_TEMPLATE\FEATURE_REQUEST.yml
	EndProjectSection
EndProject
Project("{2150E333-8FDC-42A3-9474-1A3956D46DE8}") = ".do", ".do", "{95B06FEA-F585-4DAD-814B-3594525AB359}"
	ProjectSection(SolutionItems) = preProject
		.do\app.yaml = .do\app.yaml
	EndProjectSection
EndProject
Project("{9A19103F-16F7-4668-BE54-9A1E7A4F7556}") = "WebScheduler.DataMigrations", "Source\WebScheduler.DataMigrations\WebScheduler.DataMigrations.csproj", "{833FDF75-238A-43ED-A68B-31BEE2788F31}"
EndProject
Global
	GlobalSection(SolutionConfigurationPlatforms) = preSolution
		Debug|Any CPU = Debug|Any CPU
		Release|Any CPU = Release|Any CPU
	EndGlobalSection
	GlobalSection(ProjectConfigurationPlatforms) = postSolution
		{37BAB36C-8D89-4144-A7D0-034EE1B22813}.Debug|Any CPU.ActiveCfg = Debug|Any CPU
		{37BAB36C-8D89-4144-A7D0-034EE1B22813}.Debug|Any CPU.Build.0 = Debug|Any CPU
		{37BAB36C-8D89-4144-A7D0-034EE1B22813}.Release|Any CPU.ActiveCfg = Release|Any CPU
		{37BAB36C-8D89-4144-A7D0-034EE1B22813}.Release|Any CPU.Build.0 = Release|Any CPU
		{3B871C91-C496-4FA0-9E4A-18E67EDFD65F}.Debug|Any CPU.ActiveCfg = Debug|Any CPU
		{3B871C91-C496-4FA0-9E4A-18E67EDFD65F}.Debug|Any CPU.Build.0 = Debug|Any CPU
		{3B871C91-C496-4FA0-9E4A-18E67EDFD65F}.Release|Any CPU.ActiveCfg = Release|Any CPU
		{3B871C91-C496-4FA0-9E4A-18E67EDFD65F}.Release|Any CPU.Build.0 = Release|Any CPU
		{DA571A13-5B6D-415E-846A-82BC225409D2}.Debug|Any CPU.ActiveCfg = Debug|Any CPU
		{DA571A13-5B6D-415E-846A-82BC225409D2}.Debug|Any CPU.Build.0 = Debug|Any CPU
		{DA571A13-5B6D-415E-846A-82BC225409D2}.Release|Any CPU.ActiveCfg = Release|Any CPU
		{DA571A13-5B6D-415E-846A-82BC225409D2}.Release|Any CPU.Build.0 = Release|Any CPU
		{B611DC13-54DE-41D5-B539-C84B7556A8D1}.Debug|Any CPU.ActiveCfg = Debug|Any CPU
		{B611DC13-54DE-41D5-B539-C84B7556A8D1}.Debug|Any CPU.Build.0 = Debug|Any CPU
		{B611DC13-54DE-41D5-B539-C84B7556A8D1}.Release|Any CPU.ActiveCfg = Release|Any CPU
		{B611DC13-54DE-41D5-B539-C84B7556A8D1}.Release|Any CPU.Build.0 = Release|Any CPU
		{833FDF75-238A-43ED-A68B-31BEE2788F31}.Debug|Any CPU.ActiveCfg = Debug|Any CPU
		{833FDF75-238A-43ED-A68B-31BEE2788F31}.Debug|Any CPU.Build.0 = Debug|Any CPU
		{833FDF75-238A-43ED-A68B-31BEE2788F31}.Release|Any CPU.ActiveCfg = Release|Any CPU
		{833FDF75-238A-43ED-A68B-31BEE2788F31}.Release|Any CPU.Build.0 = Release|Any CPU
	EndGlobalSection
	GlobalSection(SolutionProperties) = preSolution
		HideSolutionNode = FALSE
	EndGlobalSection
	GlobalSection(NestedProjects) = preSolution
		{37BAB36C-8D89-4144-A7D0-034EE1B22813} = {57BAE1BC-D418-4A95-B292-C0E9324B0A54}
		{3B871C91-C496-4FA0-9E4A-18E67EDFD65F} = {57BAE1BC-D418-4A95-B292-C0E9324B0A54}
		{DA571A13-5B6D-415E-846A-82BC225409D2} = {57BAE1BC-D418-4A95-B292-C0E9324B0A54}
		{B611DC13-54DE-41D5-B539-C84B7556A8D1} = {D57B72FA-A893-400C-AB2E-6919219A38D2}
		{76BD1373-F876-4779-A7C8-6FAAF1088B16} = {FBD2504D-975E-4B64-B938-7DDD19C7DB9D}
		{050450CA-B8A7-4B91-BB2A-9B59FAE1A52B} = {76BD1373-F876-4779-A7C8-6FAAF1088B16}
		{90F1A60D-6607-44BF-AB4C-F53B1E31194F} = {60E0F62E-605A-48F2-BFCA-C63B45AB6335}
		{90110DBA-335A-4A7A-AD43-48CB1A15346D} = {90F1A60D-6607-44BF-AB4C-F53B1E31194F}
		{833FDF75-238A-43ED-A68B-31BEE2788F31} = {57BAE1BC-D418-4A95-B292-C0E9324B0A54}
	EndGlobalSection
	GlobalSection(ExtensibilityGlobals) = postSolution
		SolutionGuid = {4E464B40-8B3D-427D-BA61-053DB0B94967}
	EndGlobalSection
EndGlobal
